{
    "version": 3,
    "terraform_version": "0.11.10",
    "serial": 1,
    "lineage": "9f5ddfd0-974e-6531-70f4-435b585c9e4d",
    "modules": [
        {
            "path": [
                "root"
            ],
            "outputs": {},
            "resources": {
                "aws_s3_bucket.kavita-terraform-state-storage-s3": {
                    "type": "aws_s3_bucket",
                    "depends_on": [],
                    "primary": {
                        "id": "kavita-terraform-state-storage-s3",
                        "attributes": {
                            "acceleration_status": "",
                            "acl": "private",
                            "arn": "arn:aws:s3:::kavita-terraform-state-storage-s3",
                            "bucket": "kavita-terraform-state-storage-s3",
                            "bucket_domain_name": "kavita-terraform-state-storage-s3.s3.amazonaws.com",
                            "bucket_regional_domain_name": "kavita-terraform-state-storage-s3.s3.ap-southeast-2.amazonaws.com",
                            "cors_rule.#": "0",
                            "force_destroy": "false",
                            "hosted_zone_id": "Z1WCIGYICN2BYD",
                            "id": "kavita-terraform-state-storage-s3",
                            "lifecycle_rule.#": "0",
                            "logging.#": "0",
                            "region": "ap-southeast-2",
                            "replication_configuration.#": "0",
                            "request_payer": "BucketOwner",
                            "server_side_encryption_configuration.#": "0",
                            "tags.%": "1",
                            "tags.Name": "S3 Remote Terraform State Store",
                            "versioning.#": "1",
                            "versioning.0.enabled": "true",
                            "versioning.0.mfa_delete": "false",
                            "website.#": "0"
                        },
                        "meta": {},
                        "tainted": false
                    },
                    "deposed": [],
                    "provider": "provider.aws"
                }
            },
            "depends_on": []
        }
    ]
}
